PODS:
  - CircleProgressBar (0.32)
  - HHTransition (3.1.2)
  - libxlsxwriter (1.1.8)
  - Masonry (1.1.0)
  - MBProgressHUD (1.2.0)
  - MJRefresh (3.7.9)
  - MKBaseBleModule (1.1.4)
  - MKBaseModuleLibrary (2.0.9):
    - MKBaseModuleLibrary/Base (= 2.0.9)
    - MKBaseModuleLibrary/Category (= 2.0.9)
    - MKBaseModuleLibrary/Defines (= 2.0.9)
    - MKBaseModuleLibrary/Tools (= 2.0.9)
  - MKBaseModuleLibrary/Base (2.0.9):
    - MKBaseModuleLibrary/Base/Cell (= 2.0.9)
    - MKBaseModuleLibrary/Base/Controller (= 2.0.9)
    - MKBaseModuleLibrary/Base/NavigationController (= 2.0.9)
    - MKBaseModuleLibrary/Base/View (= 2.0.9)
  - MKBaseModuleLibrary/Base/Cell (2.0.9):
    - MKBaseModuleLibrary/Base/Cell/MKBaseCell (= 2.0.9)
  - MKBaseModuleLibrary/Base/Cell/MKBaseCell (2.0.9):
    - Masonry
    - MKBaseModuleLibrary/Defines
  - MKBaseModuleLibrary/Base/Controller (2.0.9):
    - MKBaseModuleLibrary/Category
    - MKBaseModuleLibrary/Defines
    - WRNavigationBar
  - MKBaseModuleLibrary/Base/NavigationController (2.0.9)
  - MKBaseModuleLibrary/Base/View (2.0.9):
    - MKBaseModuleLibrary/Base/View/CollectionView (= 2.0.9)
    - MKBaseModuleLibrary/Base/View/TableView (= 2.0.9)
  - MKBaseModuleLibrary/Base/View/CollectionView (2.0.9)
  - MKBaseModuleLibrary/Base/View/TableView (2.0.9)
  - MKBaseModuleLibrary/Category (2.0.9):
    - MKBaseModuleLibrary/Defines
    - MKBaseModuleLibrary/Tools/MKClassInfo
    - Toast
  - MKBaseModuleLibrary/Defines (2.0.9)
  - MKBaseModuleLibrary/Tools (2.0.9):
    - MKBaseModuleLibrary/Tools/MKClassInfo (= 2.0.9)
    - MKBaseModuleLibrary/Tools/MKDateFormatter (= 2.0.9)
    - MKBaseModuleLibrary/Tools/MKExcelManager (= 2.0.9)
  - MKBaseModuleLibrary/Tools/MKClassInfo (2.0.9)
  - MKBaseModuleLibrary/Tools/MKDateFormatter (2.0.9)
  - MKBaseModuleLibrary/Tools/MKExcelManager (2.0.9):
    - libxlsxwriter
    - MKBaseModuleLibrary/Defines
    - SSZipArchive
  - MKCustomUIModule (2.1.3):
    - CircleProgressBar
    - Masonry
    - MBProgressHUD
    - MJRefresh
    - MKBaseModuleLibrary
    - MKCustomUIModule/Cell (= 2.1.3)
    - MKCustomUIModule/Controller (= 2.1.3)
    - MKCustomUIModule/MQTTServerView (= 2.1.3)
    - MKCustomUIModule/UIAdopter (= 2.1.3)
    - MKCustomUIModule/View (= 2.1.3)
  - MKCustomUIModule/Cell (2.1.3):
    - CircleProgressBar
    - Masonry
    - MBProgressHUD
    - MJRefresh
    - MKBaseModuleLibrary
    - MKCustomUIModule/Cell/FilterCell (= 2.1.3)
    - MKCustomUIModule/Cell/LoRaCell (= 2.1.3)
    - MKCustomUIModule/Cell/NormalCell (= 2.1.3)
  - MKCustomUIModule/Cell/FilterCell (2.1.3):
    - CircleProgressBar
    - Masonry
    - MBProgressHUD
    - MJRefresh
    - MKBaseModuleLibrary
    - MKCustomUIModule/Cell/FilterCell/FilterBeaconCell (= 2.1.3)
    - MKCustomUIModule/Cell/FilterCell/FilterByRawDataCell (= 2.1.3)
    - MKCustomUIModule/Cell/FilterCell/FilterEditSectionHeaderView (= 2.1.3)
    - MKCustomUIModule/Cell/FilterCell/FilterNormalTextFieldCell (= 2.1.3)
  - MKCustomUIModule/Cell/FilterCell/FilterBeaconCell (2.1.3):
    - CircleProgressBar
    - Masonry
    - MBProgressHUD
    - MJRefresh
    - MKBaseModuleLibrary
    - MKCustomUIModule/UIAdopter
    - MKCustomUIModule/View/MKTextField
  - MKCustomUIModule/Cell/FilterCell/FilterByRawDataCell (2.1.3):
    - CircleProgressBar
    - Masonry
    - MBProgressHUD
    - MJRefresh
    - MKBaseModuleLibrary
    - MKCustomUIModule/View/MKTextField
  - MKCustomUIModule/Cell/FilterCell/FilterEditSectionHeaderView (2.1.3):
    - CircleProgressBar
    - Masonry
    - MBProgressHUD
    - MJRefresh
    - MKBaseModuleLibrary
  - MKCustomUIModule/Cell/FilterCell/FilterNormalTextFieldCell (2.1.3):
    - CircleProgressBar
    - Masonry
    - MBProgressHUD
    - MJRefresh
    - MKBaseModuleLibrary
    - MKCustomUIModule/UIAdopter
    - MKCustomUIModule/View/MKTextField
  - MKCustomUIModule/Cell/LoRaCell (2.1.3):
    - CircleProgressBar
    - Masonry
    - MBProgressHUD
    - MJRefresh
    - MKBaseModuleLibrary
    - MKCustomUIModule/Cell/LoRaCell/MKAdvancedSettingCell (= 2.1.3)
    - MKCustomUIModule/Cell/LoRaCell/MKFilterConditionCell (= 2.1.3)
    - MKCustomUIModule/Cell/LoRaCell/MKFilterDataCell (= 2.1.3)
    - MKCustomUIModule/Cell/LoRaCell/MKFilterRawAdvDataCell (= 2.1.3)
    - MKCustomUIModule/Cell/LoRaCell/MKLoRaSettingCHCell (= 2.1.3)
    - MKCustomUIModule/Cell/LoRaCell/MKMeasureTxPowerCell (= 2.1.3)
    - MKCustomUIModule/Cell/LoRaCell/MKMixedChoiceCell (= 2.1.3)
    - MKCustomUIModule/Cell/LoRaCell/MKRawAdvDataOperationCell (= 2.1.3)
  - MKCustomUIModule/Cell/LoRaCell/MKAdvancedSettingCell (2.1.3):
    - CircleProgressBar
    - Masonry
    - MBProgressHUD
    - MJRefresh
    - MKBaseModuleLibrary
  - MKCustomUIModule/Cell/LoRaCell/MKFilterConditionCell (2.1.3):
    - CircleProgressBar
    - Masonry
    - MBProgressHUD
    - MJRefresh
    - MKBaseModuleLibrary
    - MKCustomUIModule/UIAdopter
    - MKCustomUIModule/View/MKPickerView
  - MKCustomUIModule/Cell/LoRaCell/MKFilterDataCell (2.1.3):
    - CircleProgressBar
    - Masonry
    - MBProgressHUD
    - MJRefresh
    - MKBaseModuleLibrary
    - MKCustomUIModule/View/MKTextField
  - MKCustomUIModule/Cell/LoRaCell/MKFilterRawAdvDataCell (2.1.3):
    - CircleProgressBar
    - Masonry
    - MBProgressHUD
    - MJRefresh
    - MKBaseModuleLibrary
    - MKCustomUIModule/View/MKTextField
  - MKCustomUIModule/Cell/LoRaCell/MKLoRaSettingCHCell (2.1.3):
    - CircleProgressBar
    - Masonry
    - MBProgressHUD
    - MJRefresh
    - MKBaseModuleLibrary
    - MKCustomUIModule/View/MKPickerView
  - MKCustomUIModule/Cell/LoRaCell/MKMeasureTxPowerCell (2.1.3):
    - CircleProgressBar
    - Masonry
    - MBProgressHUD
    - MJRefresh
    - MKBaseModuleLibrary
    - MKCustomUIModule/UIAdopter
    - MKCustomUIModule/View/MKSlider
  - MKCustomUIModule/Cell/LoRaCell/MKMixedChoiceCell (2.1.3):
    - CircleProgressBar
    - Masonry
    - MBProgressHUD
    - MJRefresh
    - MKBaseModuleLibrary
  - MKCustomUIModule/Cell/LoRaCell/MKRawAdvDataOperationCell (2.1.3):
    - CircleProgressBar
    - Masonry
    - MBProgressHUD
    - MJRefresh
    - MKBaseModuleLibrary
  - MKCustomUIModule/Cell/NormalCell (2.1.3):
    - CircleProgressBar
    - Masonry
    - MBProgressHUD
    - MJRefresh
    - MKBaseModuleLibrary
    - MKCustomUIModule/Cell/NormalCell/MKButtonMsgCell (= 2.1.3)
    - MKCustomUIModule/Cell/NormalCell/MKDeviceInfoCell (= 2.1.3)
    - MKCustomUIModule/Cell/NormalCell/MKDeviceInfoDfuCell (= 2.1.3)
    - MKCustomUIModule/Cell/NormalCell/MKNormalSliderCell (= 2.1.3)
    - MKCustomUIModule/Cell/NormalCell/MKNormalTextCell (= 2.1.3)
    - MKCustomUIModule/Cell/NormalCell/MKSettingTextCell (= 2.1.3)
    - MKCustomUIModule/Cell/NormalCell/MKTextButtonCell (= 2.1.3)
    - MKCustomUIModule/Cell/NormalCell/MKTextFieldCell (= 2.1.3)
    - MKCustomUIModule/Cell/NormalCell/MKTextSwitchCell (= 2.1.3)
  - MKCustomUIModule/Cell/NormalCell/MKButtonMsgCell (2.1.3):
    - CircleProgressBar
    - Masonry
    - MBProgressHUD
    - MJRefresh
    - MKBaseModuleLibrary
  - MKCustomUIModule/Cell/NormalCell/MKDeviceInfoCell (2.1.3):
    - CircleProgressBar
    - Masonry
    - MBProgressHUD
    - MJRefresh
    - MKBaseModuleLibrary
  - MKCustomUIModule/Cell/NormalCell/MKDeviceInfoDfuCell (2.1.3):
    - CircleProgressBar
    - Masonry
    - MBProgressHUD
    - MJRefresh
    - MKBaseModuleLibrary
    - MKCustomUIModule/UIAdopter
  - MKCustomUIModule/Cell/NormalCell/MKNormalSliderCell (2.1.3):
    - CircleProgressBar
    - Masonry
    - MBProgressHUD
    - MJRefresh
    - MKBaseModuleLibrary
    - MKCustomUIModule/UIAdopter
    - MKCustomUIModule/View/MKSlider
  - MKCustomUIModule/Cell/NormalCell/MKNormalTextCell (2.1.3):
    - CircleProgressBar
    - Masonry
    - MBProgressHUD
    - MJRefresh
    - MKBaseModuleLibrary
  - MKCustomUIModule/Cell/NormalCell/MKSettingTextCell (2.1.3):
    - CircleProgressBar
    - Masonry
    - MBProgressHUD
    - MJRefresh
    - MKBaseModuleLibrary
  - MKCustomUIModule/Cell/NormalCell/MKTextButtonCell (2.1.3):
    - CircleProgressBar
    - Masonry
    - MBProgressHUD
    - MJRefresh
    - MKBaseModuleLibrary
    - MKCustomUIModule/View/MKPickerView
  - MKCustomUIModule/Cell/NormalCell/MKTextFieldCell (2.1.3):
    - CircleProgressBar
    - Masonry
    - MBProgressHUD
    - MJRefresh
    - MKBaseModuleLibrary
    - MKCustomUIModule/View/MKTextField
  - MKCustomUIModule/Cell/NormalCell/MKTextSwitchCell (2.1.3):
    - CircleProgressBar
    - Masonry
    - MBProgressHUD
    - MJRefresh
    - MKBaseModuleLibrary
  - MKCustomUIModule/Controller (2.1.3):
    - CircleProgressBar
    - Masonry
    - MBProgressHUD
    - MJRefresh
    - MKBaseModuleLibrary
    - MKCustomUIModule/Controller/CASelectPage (= 2.1.3)
    - MKCustomUIModule/Controller/MKAboutPage (= 2.1.3)
    - MKCustomUIModule/Controller/MKAlertController (= 2.1.3)
    - MKCustomUIModule/Controller/MKTrackerAboutPage (= 2.1.3)
  - MKCustomUIModule/Controller/CASelectPage (2.1.3):
    - CircleProgressBar
    - Masonry
    - MBProgressHUD
    - MJRefresh
    - MKBaseModuleLibrary
    - MKCustomUIModule/Controller/CASelectPage/Controller (= 2.1.3)
  - MKCustomUIModule/Controller/CASelectPage/Controller (2.1.3):
    - CircleProgressBar
    - Masonry
    - MBProgressHUD
    - MJRefresh
    - MKBaseModuleLibrary
    - MKCustomUIModule/Cell/NormalCell/MKNormalTextCell
  - MKCustomUIModule/Controller/MKAboutPage (2.1.3):
    - CircleProgressBar
    - Masonry
    - MBProgressHUD
    - MJRefresh
    - MKBaseModuleLibrary
    - MKCustomUIModule/Controller/MKAboutPage/Controller (= 2.1.3)
    - MKCustomUIModule/Controller/MKAboutPage/Model (= 2.1.3)
    - MKCustomUIModule/Controller/MKAboutPage/View (= 2.1.3)
  - MKCustomUIModule/Controller/MKAboutPage/Controller (2.1.3):
    - CircleProgressBar
    - Masonry
    - MBProgressHUD
    - MJRefresh
    - MKBaseModuleLibrary
    - MKCustomUIModule/Controller/MKAboutPage/Model
    - MKCustomUIModule/Controller/MKAboutPage/View
  - MKCustomUIModule/Controller/MKAboutPage/Model (2.1.3):
    - CircleProgressBar
    - Masonry
    - MBProgressHUD
    - MJRefresh
    - MKBaseModuleLibrary
  - MKCustomUIModule/Controller/MKAboutPage/View (2.1.3):
    - CircleProgressBar
    - Masonry
    - MBProgressHUD
    - MJRefresh
    - MKBaseModuleLibrary
    - MKCustomUIModule/Controller/MKAboutPage/Model
  - MKCustomUIModule/Controller/MKAlertController (2.1.3):
    - CircleProgressBar
    - Masonry
    - MBProgressHUD
    - MJRefresh
    - MKBaseModuleLibrary
  - MKCustomUIModule/Controller/MKTrackerAboutPage (2.1.3):
    - CircleProgressBar
    - Masonry
    - MBProgressHUD
    - MJRefresh
    - MKBaseModuleLibrary
    - MKCustomUIModule/Controller/MKTrackerAboutPage/Controller (= 2.1.3)
  - MKCustomUIModule/Controller/MKTrackerAboutPage/Controller (2.1.3):
    - CircleProgressBar
    - Masonry
    - MBProgressHUD
    - MJRefresh
    - MKBaseModuleLibrary
  - MKCustomUIModule/MQTTServerView (2.1.3):
    - CircleProgressBar
    - Masonry
    - MBProgressHUD
    - MJRefresh
    - MKBaseModuleLibrary
    - MKCustomUIModule/MQTTServerView/GeneralParams (= 2.1.3)
    - MKCustomUIModule/MQTTServerView/SSL (= 2.1.3)
    - MKCustomUIModule/MQTTServerView/UserCredentials (= 2.1.3)
  - MKCustomUIModule/MQTTServerView/GeneralParams (2.1.3):
    - CircleProgressBar
    - Masonry
    - MBProgressHUD
    - MJRefresh
    - MKBaseModuleLibrary
    - MKCustomUIModule/View/MKTextField
  - MKCustomUIModule/MQTTServerView/SSL (2.1.3):
    - CircleProgressBar
    - Masonry
    - MBProgressHUD
    - MJRefresh
    - MKBaseModuleLibrary
  - MKCustomUIModule/MQTTServerView/UserCredentials (2.1.3):
    - CircleProgressBar
    - Masonry
    - MBProgressHUD
    - MJRefresh
    - MKBaseModuleLibrary
    - MKCustomUIModule/View/MKTextField
  - MKCustomUIModule/UIAdopter (2.1.3):
    - CircleProgressBar
    - Masonry
    - MBProgressHUD
    - MJRefresh
    - MKBaseModuleLibrary
    - MKCustomUIModule/View
  - MKCustomUIModule/View (2.1.3):
    - CircleProgressBar
    - Masonry
    - MBProgressHUD
    - MJRefresh
    - MKBaseModuleLibrary
    - MKCustomUIModule/View/HaveRefreshView (= 2.1.3)
    - MKCustomUIModule/View/MKAlertView (= 2.1.3)
    - MKCustomUIModule/View/MKHexKeyBoard (= 2.1.3)
    - MKCustomUIModule/View/MKHudManager (= 2.1.3)
    - MKCustomUIModule/View/MKPageControl (= 2.1.3)
    - MKCustomUIModule/View/MKPickerView (= 2.1.3)
    - MKCustomUIModule/View/MKProgressView (= 2.1.3)
    - MKCustomUIModule/View/MKSearchButton (= 2.1.3)
    - MKCustomUIModule/View/MKSearchConditionsView (= 2.1.3)
    - MKCustomUIModule/View/MKSlider (= 2.1.3)
    - MKCustomUIModule/View/MKTableSectionHeader (= 2.1.3)
    - MKCustomUIModule/View/MKTextField (= 2.1.3)
    - MKCustomUIModule/View/NirKxMenu (= 2.1.3)
    - MKCustomUIModule/View/WifiAlertView (= 2.1.3)
  - MKCustomUIModule/View/HaveRefreshView (2.1.3):
    - CircleProgressBar
    - Masonry
    - MBProgressHUD
    - MJRefresh
    - MKBaseModuleLibrary
  - MKCustomUIModule/View/MKAlertView (2.1.3):
    - CircleProgressBar
    - Masonry
    - MBProgressHUD
    - MJRefresh
    - MKBaseModuleLibrary
    - MKCustomUIModule/View/MKTextField
  - MKCustomUIModule/View/MKHexKeyBoard (2.1.3):
    - CircleProgressBar
    - Masonry
    - MBProgressHUD
    - MJRefresh
    - MKBaseModuleLibrary
  - MKCustomUIModule/View/MKHudManager (2.1.3):
    - CircleProgressBar
    - Masonry
    - MBProgressHUD
    - MJRefresh
    - MKBaseModuleLibrary
  - MKCustomUIModule/View/MKPageControl (2.1.3):
    - CircleProgressBar
    - Masonry
    - MBProgressHUD
    - MJRefresh
    - MKBaseModuleLibrary
  - MKCustomUIModule/View/MKPickerView (2.1.3):
    - CircleProgressBar
    - Masonry
    - MBProgressHUD
    - MJRefresh
    - MKBaseModuleLibrary
  - MKCustomUIModule/View/MKProgressView (2.1.3):
    - CircleProgressBar
    - Masonry
    - MBProgressHUD
    - MJRefresh
    - MKBaseModuleLibrary
  - MKCustomUIModule/View/MKSearchButton (2.1.3):
    - CircleProgressBar
    - Masonry
    - MBProgressHUD
    - MJRefresh
    - MKBaseModuleLibrary
  - MKCustomUIModule/View/MKSearchConditionsView (2.1.3):
    - CircleProgressBar
    - Masonry
    - MBProgressHUD
    - MJRefresh
    - MKBaseModuleLibrary
    - MKCustomUIModule/View/MKSlider
  - MKCustomUIModule/View/MKSlider (2.1.3):
    - CircleProgressBar
    - Masonry
    - MBProgressHUD
    - MJRefresh
    - MKBaseModuleLibrary
  - MKCustomUIModule/View/MKTableSectionHeader (2.1.3):
    - CircleProgressBar
    - Masonry
    - MBProgressHUD
    - MJRefresh
    - MKBaseModuleLibrary
  - MKCustomUIModule/View/MKTextField (2.1.3):
    - CircleProgressBar
    - Masonry
    - MBProgressHUD
    - MJRefresh
    - MKBaseModuleLibrary
  - MKCustomUIModule/View/NirKxMenu (2.1.3):
    - CircleProgressBar
    - Masonry
    - MBProgressHUD
    - MJRefresh
    - MKBaseModuleLibrary
  - MKCustomUIModule/View/WifiAlertView (2.1.3):
    - CircleProgressBar
    - Masonry
    - MBProgressHUD
    - MJRefresh
    - MKBaseModuleLibrary
    - MKCustomUIModule/View/MKTextField
  - MKDeltrtackMQTT (0.0.1):
    - HHTransition
    - MKBaseBleModule
    - MKBaseModuleLibrary
    - MKCustomUIModule
    - MLInputDodger
  - MLInputDodger (1.5.2)
  - SSZipArchive (2.4.3)
  - Toast (4.1.1)
  - WRNavigationBar (1.4.0)

DEPENDENCIES:
  - MKDeltrtackMQTT (from `../`)

SPEC REPOS:
  trunk:
    - CircleProgressBar
    - HHTransition
    - libxlsxwriter
    - Masonry
    - MBProgressHUD
    - MJRefresh
    - MKBaseBleModule
    - MKBaseModuleLibrary
    - MKCustomUIModule
    - MLInputDodger
    - SSZipArchive
    - Toast
    - WRNavigationBar

EXTERNAL SOURCES:
  MKDeltrtackMQTT:
    :path: "../"

SPEC CHECKSUMS:
  CircleProgressBar: 3920079be5224b62b3d9ed6eeb23ac01c835b681
  HHTransition: 67c1bc632c4838e4eb28f07b9be1b927362ae07d
  libxlsxwriter: 472a51cfb751ce5c807d4146a93207c76c46dc8f
  Masonry: 678fab65091a9290e40e2832a55e7ab731aad201
  MBProgressHUD: 3ee5efcc380f6a79a7cc9b363dd669c5e1ae7406
  MJRefresh: ff9e531227924c84ce459338414550a05d2aea78
  MKBaseBleModule: 15aa067c4e408a473e025b1a768ebce00a7e5949
  MKBaseModuleLibrary: 2b79bcae588c755588413fbb643b510253271b23
  MKCustomUIModule: bbc862397ad4ffad0a88de756265a29aad5ddaab
  MKDeltrtackMQTT: 4bad769c91009c5c137cc5982901714e778a8d95
  MLInputDodger: 79a0e420a80d0d3bba122bf2639603cc76609ba8
  SSZipArchive: fe6a26b2a54d5a0890f2567b5cc6de5caa600aef
  Toast: 1f5ea13423a1e6674c4abdac5be53587ae481c4e
  WRNavigationBar: 10bfdf96addf14d640d07c2ef08a029c18d8af10

PODFILE CHECKSUM: 6c826a37ffaa31e647077f411330e35deb4fa891

COCOAPODS: 1.11.3
